
Microsoft Visual Studio Solution File, Format Version 12.00
# Visual Studio Version 16
VisualStudioVersion = 16.0.30517.126
MinimumVisualStudioVersion = 10.0.40219.1
Project("{9A19103F-16F7-4668-BE54-9A1E7A4F7556}") = "InteriorDesign", "InteriorDesign\InteriorDesign.csproj", "{E137F42A-5052-47FB-BF56-09D22F952130}"
EndProject
Project("{2150E333-8FDC-42A3-9474-1A3956D46DE8}") = "Solution Items", "Solution Items", "{9668D166-02F4-4E71-9F68-5132CF061104}"
	ProjectSection(SolutionItems) = preProject
		README.md = README.md
	EndProjectSection
EndProject
Global
	GlobalSection(SolutionConfigurationPlatforms) = preSolution
		Debug|Any CPU = Debug|Any CPU
		Release|Any CPU = Release|Any CPU
	EndGlobalSection
	GlobalSection(ProjectConfigurationPlatforms) = postSolution
		{E137F42A-5052-47FB-BF56-09D22F952130}.Debug|Any CPU.ActiveCfg = Debug|Any CPU
		{E137F42A-5052-47FB-BF56-09D22F952130}.Debug|Any CPU.Build.0 = Debug|Any CPU
		{E137F42A-5052-47FB-BF56-09D22F952130}.Release|Any CPU.ActiveCfg = Release|Any CPU
		{E137F42A-5052-47FB-BF56-09D22F952130}.Release|Any CPU.Build.0 = Release|Any CPU
	EndGlobalSection
	GlobalSection(SolutionProperties) = preSolution
		HideSolutionNode = FALSE
	EndGlobalSection
	GlobalSection(ExtensibilityGlobals) = postSolution
		SolutionGuid = {A2795FF9-1101-4BCF-8160-E50666BF234A}
	EndGlobalSection
EndGlobal
